# This file is automatically @generated by Poetry 1.4.2 and should not be changed by hand.

[[package]]
name = "geometrout"
version = "0.1.0.5"
description = "A collection of geometric methods and concepts tailored to machine learning for robotics"
category = "main"
optional = false
python-versions = ">=3.6"
files = [
    {file = "geometrout-0.1.0.5-py3-none-any.whl", hash = "sha256:9335eea5b7303e0aafb60f5d331cda5acbbfd7df5f53c2d33e540af62402686c"},
    {file = "geometrout-0.1.0.5.tar.gz", hash = "sha256:f7e8d29b77bfdf27509c822f89c1c8906b243cea642f7be50b2c53ccb9bdd7db"},
]

[package.dependencies]
numba = ">=0.56.4"
numpy = "*"

[[package]]
name = "llvmlite"
version = "0.40.0rc1"
description = "lightweight wrapper around basic LLVM functionality"
category = "main"
optional = false
python-versions = ">=3.8"
files = [
    {file = "llvmlite-0.40.0rc1-1-cp310-cp310-macosx_10_9_x86_64.whl", hash = "sha256:059783c6daaffb10c55410a70e1c7ecc9634307bc70b1c9682f735221e68fbf6"},
    {file = "llvmlite-0.40.0rc1-1-cp310-cp310-macosx_11_0_arm64.whl", hash = "sha256:bdcfbf050c7b62a3861e5d7b05255cef0da4f116780761fa394ea7754910eb38"},
    {file = "llvmlite-0.40.0rc1-1-cp310-cp310-win32.whl", hash = "sha256:7a20db655adb3a2a0e6006e05c2bbf2ea969e98029b4291474649386065e3bf1"},
    {file = "llvmlite-0.40.0rc1-1-cp310-cp310-win_amd64.whl", hash = "sha256:940c5a2ea10e936f6ace2e704af253cff03f4aeed065ade3b2ab777823ad890b"},
    {file = "llvmlite-0.40.0rc1-1-cp311-cp311-macosx_10_9_x86_64.whl", hash = "sha256:79c8ca1810c666816f99dd035f9d22f61d2aa6683f03dc09737ddc1dcb483396"},
    {file = "llvmlite-0.40.0rc1-1-cp311-cp311-macosx_11_0_arm64.whl", hash = "sha256:4b3e68bdbe88370bc4600d56521f1582cd8c903ef20163a5c6acc1e47b912819"},
    {file = "llvmlite-0.40.0rc1-1-cp311-cp311-win_amd64.whl", hash = "sha256:476b267f3af49da54a22cf8713d51baf5301afaf48c7daa5a35ecb37c09ac2c4"},
    {file = "llvmlite-0.40.0rc1-1-cp38-cp38-macosx_10_9_x86_64.whl", hash = "sha256:c532bff5a8a12ca4890462219ef12696e0787fb03da278b5294abb85de1fc8a1"},
    {file = "llvmlite-0.40.0rc1-1-cp38-cp38-macosx_11_0_arm64.whl", hash = "sha256:7b27ffa54aa3328f5ba42970c24335e33a25dad34f90ec8ea9ff349156b55536"},
    {file = "llvmlite-0.40.0rc1-1-cp38-cp38-win32.whl", hash = "sha256:e608fb0508bee8f1b982f0cf9042ced587bcf416dbadb16e1e3063f834c6134e"},
    {file = "llvmlite-0.40.0rc1-1-cp38-cp38-win_amd64.whl", hash = "sha256:4ef3a5bb1c5e4b3e62225c2282931b723e558c7696cf456526d0f64a235bd36f"},
    {file = "llvmlite-0.40.0rc1-1-cp39-cp39-macosx_10_9_x86_64.whl", hash = "sha256:7e85ac986d24b8e5a3e1071774e8e99a4288f36c999ff713b4b8f5195edbacb3"},
    {file = "llvmlite-0.40.0rc1-1-cp39-cp39-macosx_11_0_arm64.whl", hash = "sha256:0cf6b5caf74e745c0594969eba6f0d0dca9108b7107bce45cd665a521f69a90d"},
    {file = "llvmlite-0.40.0rc1-1-cp39-cp39-win32.whl", hash = "sha256:f3e5ee75fceabac585f67dcf24c1d7a0886b249e9dfd10b697a691ae26a67b55"},
    {file = "llvmlite-0.40.0rc1-1-cp39-cp39-win_amd64.whl", hash = "sha256:aafaa99ed37ebcb1f607881475ee3940d2fbd7b919dc07d647af128bcf4515e3"},
    {file = "llvmlite-0.40.0rc1-cp310-cp310-macosx_10_9_x86_64.whl", hash = "sha256:2aa7a33997125ab73518f6428cba701352eb9a7376b980689d9b2b374f369706"},
    {file = "llvmlite-0.40.0rc1-cp310-cp310-macosx_11_0_arm64.whl", hash = "sha256:54c24dc447ef67a6d5e0cd61e0c8be2e129d9d135ef2b598925a2a853d68347a"},
    {file = "llvmlite-0.40.0rc1-cp310-cp310-manylinux_2_17_aarch64.manylinux2014_aarch64.whl", hash = "sha256:315fcff1aee85015583626626fe088c46f529026c9aa850befcd6b3cb3ae1de5"},
    {file = "llvmlite-0.40.0rc1-cp310-cp310-manylinux_2_17_x86_64.manylinux2014_x86_64.whl", hash = "sha256:19aa25facc53c2b6be0d2167ecc7ff662f38d5b288529679412537074d0f8180"},
    {file = "llvmlite-0.40.0rc1-cp310-cp310-win32.whl", hash = "sha256:04dc9a1b67f94292ca947e5cc36c8c0e97159eb2048934d8f5536cc9088bcd88"},
    {file = "llvmlite-0.40.0rc1-cp310-cp310-win_amd64.whl", hash = "sha256:fa94722589576008e3989d8e299f10eff5713676c36cf003a4be05a8e7b7a4d1"},
    {file = "llvmlite-0.40.0rc1-cp311-cp311-macosx_10_9_x86_64.whl", hash = "sha256:7dd23c7c8af1746fbbf74171f40cef3288e0364de1e967000bdcee89e3e9e7d7"},
    {file = "llvmlite-0.40.0rc1-cp311-cp311-macosx_11_0_arm64.whl", hash = "sha256:9db0e4ef281f3591c7f958ec44f39c6693d9e0f776c6120d1e4c35f27487b151"},
    {file = "llvmlite-0.40.0rc1-cp311-cp311-manylinux_2_17_aarch64.manylinux2014_aarch64.whl", hash = "sha256:51e2d28f581d936a366bcf15494414416d0d472cae088ba70fede81740cb4613"},
    {file = "llvmlite-0.40.0rc1-cp311-cp311-manylinux_2_17_x86_64.manylinux2014_x86_64.whl", hash = "sha256:0b8886911ef509a1204c906af5e18eb53dd51ecb05416761fd1d79271c7f5a9c"},
    {file = "llvmlite-0.40.0rc1-cp311-cp311-win_amd64.whl", hash = "sha256:cc026005e807d6bf7bde061f1a267081be6fb65355d8848ad9c2d3033892f4a5"},
    {file = "llvmlite-0.40.0rc1-cp38-cp38-macosx_10_9_x86_64.whl", hash = "sha256:2803c646a1f456efaedc0f5e62cafba894120ef1801e47eb09df7c01d633837e"},
    {file = "llvmlite-0.40.0rc1-cp38-cp38-macosx_11_0_arm64.whl", hash = "sha256:40ca62db2cde5fdd84358478ffe6b16f16abacbb6c7247552b855a0ffd8c8b54"},
    {file = "llvmlite-0.40.0rc1-cp38-cp38-manylinux_2_17_aarch64.manylinux2014_aarch64.whl", hash = "sha256:64d0cba6f18ea3c8d7dadb6c5d154029b323d2439550093f2b3af3ec3b201cb4"},
    {file = "llvmlite-0.40.0rc1-cp38-cp38-manylinux_2_17_x86_64.manylinux2014_x86_64.whl", hash = "sha256:0314cbefdb97c8507e7d5bcfaa1bf24f8c1f3906cfe3f229d8b84438d34e4f48"},
    {file = "llvmlite-0.40.0rc1-cp38-cp38-win32.whl", hash = "sha256:5c20dd77794743129083579149c777c1fba6aa7a6826b4dbb1dc78cee49bd986"},
    {file = "llvmlite-0.40.0rc1-cp38-cp38-win_amd64.whl", hash = "sha256:8f28709367c20221a8a9d31ea59b785b74afcba8395fb93fcad02048029672ff"},
    {file = "llvmlite-0.40.0rc1-cp39-cp39-macosx_10_9_x86_64.whl", hash = "sha256:f375d0e8aaa19e66098661c1533fddc1b50228d87709ac090a54d4cacd852f22"},
    {file = "llvmlite-0.40.0rc1-cp39-cp39-macosx_11_0_arm64.whl", hash = "sha256:f244b141ff044ba940125e7db2fece50f87205ceff250b1097955f2a2c219e34"},
    {file = "llvmlite-0.40.0rc1-cp39-cp39-manylinux_2_17_aarch64.manylinux2014_aarch64.whl", hash = "sha256:bd6876e29ba462725ef62f3d2ce1140cbc70d8141627bd46f97bf4002e14cdde"},
    {file = "llvmlite-0.40.0rc1-cp39-cp39-manylinux_2_17_x86_64.manylinux2014_x86_64.whl", hash = "sha256:ff3de4551c91cf4016e49182050b90f08501c498538d3f47c6d2bd5d15225345"},
    {file = "llvmlite-0.40.0rc1-cp39-cp39-win32.whl", hash = "sha256:1fdf2d90e616f7aec468a3557dec9dcd9d121eb32dc9978e8fe2aad983b6b69e"},
    {file = "llvmlite-0.40.0rc1-cp39-cp39-win_amd64.whl", hash = "sha256:e978be10952d1dd5aaedc503833bb1a89abe98d8c369d9eb76a34e1b491a6ee4"},
    {file = "llvmlite-0.40.0rc1.tar.gz", hash = "sha256:f87877f4703bbc73b2c1a872a5487f4720031b9ad7bc8e2bf3dc5fe616db6b15"},
]

[[package]]
name = "numba"
version = "0.57.0rc1"
description = "compiling Python code using LLVM"
category = "main"
optional = false
python-versions = ">=3.8"
files = [
    {file = "numba-0.57.0rc1-cp310-cp310-macosx_10_9_x86_64.whl", hash = "sha256:d130a5bfc76fe38b6cd40e076942fa4377daf49f3f009cf342418e3b7a29b177"},
    {file = "numba-0.57.0rc1-cp310-cp310-macosx_11_0_arm64.whl", hash = "sha256:438a8b47e625c51c6de49d237141595e498f3be7631b458d63ec614739c4f69f"},
    {file = "numba-0.57.0rc1-cp310-cp310-manylinux2014_aarch64.manylinux_2_17_aarch64.whl", hash = "sha256:e68eea9a947c9f838017b4e4b1ccfbf544d56aec18305348c61e1973f8c00f90"},
    {file = "numba-0.57.0rc1-cp310-cp310-manylinux2014_x86_64.manylinux_2_17_x86_64.whl", hash = "sha256:0c177e0d0a0b052f6023290ce1d6324af59bba73f9bb6f267a00780dcf1f3caa"},
    {file = "numba-0.57.0rc1-cp310-cp310-win32.whl", hash = "sha256:cd4e668719ae5675cb9024f15cd344406298eea3ed20d390b56b80b066289550"},
    {file = "numba-0.57.0rc1-cp310-cp310-win_amd64.whl", hash = "sha256:f77234511c2b155ca21d6f61afb525048e365da3b87e40aee458708971adb7bd"},
    {file = "numba-0.57.0rc1-cp311-cp311-macosx_10_9_x86_64.whl", hash = "sha256:07dcce65bf3717cf0416b7e1a528b3d6fb2d604f0314eb68d3396dd58884c31f"},
    {file = "numba-0.57.0rc1-cp311-cp311-macosx_11_0_arm64.whl", hash = "sha256:f9d528c5536944d40dff8899a908ddacae04b4f5fd8458011197938b557fbf74"},
    {file = "numba-0.57.0rc1-cp311-cp311-manylinux2014_aarch64.manylinux_2_17_aarch64.whl", hash = "sha256:a3897349e9bbd6f47a82458c0c53b7f821f2e95e1fba7e4a158fc783fced61a0"},
    {file = "numba-0.57.0rc1-cp311-cp311-manylinux2014_x86_64.manylinux_2_17_x86_64.whl", hash = "sha256:220b0454658690bf9a20e4ee06f3016510d8592c155a503f5e6a7acb9dbbe19b"},
    {file = "numba-0.57.0rc1-cp311-cp311-win_amd64.whl", hash = "sha256:cdfd953103a27bb76cbae1f26da6c1961c36c324dfa38d817130308435e64e85"},
    {file = "numba-0.57.0rc1-cp38-cp38-macosx_10_9_x86_64.whl", hash = "sha256:220b26061b893a82860319a6970ad633b19c51349abc87e3cd3081cccfdf77b4"},
    {file = "numba-0.57.0rc1-cp38-cp38-macosx_11_0_arm64.whl", hash = "sha256:54f3944c1b977f701fb12552787e9cc31fe9bb90165908a65d1ca2027eac4cf2"},
    {file = "numba-0.57.0rc1-cp38-cp38-manylinux2014_aarch64.manylinux_2_17_aarch64.whl", hash = "sha256:d9c0a9c4cb1bb5f782454765c122ed67606004cb7d12ba4b9c451402d3b7af42"},
    {file = "numba-0.57.0rc1-cp38-cp38-manylinux2014_x86_64.manylinux_2_17_x86_64.whl", hash = "sha256:9a80711c77d5a482edd22753190f67ad77a002a2e1ea729d5640047d832a1929"},
    {file = "numba-0.57.0rc1-cp38-cp38-win32.whl", hash = "sha256:d5737add723942ec8c772170bd386abb822ae78574f9a93309042ae99fb789b2"},
    {file = "numba-0.57.0rc1-cp38-cp38-win_amd64.whl", hash = "sha256:6db48f51cd4424c8f88440db5af19ba1234e94356abb649512deff7487adf85c"},
    {file = "numba-0.57.0rc1-cp39-cp39-macosx_10_9_x86_64.whl", hash = "sha256:dda313822c6c1fb3254d1fd2a29be038354da3d218908849e18579da30193e0b"},
    {file = "numba-0.57.0rc1-cp39-cp39-macosx_11_0_arm64.whl", hash = "sha256:f204ce7ff7e84ed6fa928ab43c06ce2020c1a864e5375247dd1efbe544c0b162"},
    {file = "numba-0.57.0rc1-cp39-cp39-manylinux2014_aarch64.manylinux_2_17_aarch64.whl", hash = "sha256:6d892381d82d0c744d48228601b1b6597b9ea8e7835af89993c6c1e7c7e65ceb"},
    {file = "numba-0.57.0rc1-cp39-cp39-manylinux2014_x86_64.manylinux_2_17_x86_64.whl", hash = "sha256:2b8d5d644e9f33fefe28c996bde9bbc67c0f8aea36cdd539ebb57e2570c891ad"},
    {file = "numba-0.57.0rc1-cp39-cp39-win32.whl", hash = "sha256:b26f93f1aaa7fe5ed7e5747837f929891eb8f857dc5c59c131b1b447196bed09"},
    {file = "numba-0.57.0rc1-cp39-cp39-win_amd64.whl", hash = "sha256:b16dfb9d1e357c9a5593f26c4a93854d5f5132ea3f87cb5250b02b961d7684f6"},
    {file = "numba-0.57.0rc1.tar.gz", hash = "sha256:3cd0510f3557524010338e65e395eeb035345fa4bf8cd2375023145334ddcf00"},
]

[package.dependencies]
llvmlite = ">=0.40.0dev0,<0.41"
numpy = ">=1.21,<1.25"

[[package]]
name = "numpy"
version = "1.24.2"
description = "Fundamental package for array computing in Python"
category = "main"
optional = false
python-versions = ">=3.8"
files = [
    {file = "numpy-1.24.2-cp310-cp310-macosx_10_9_x86_64.whl", hash = "sha256:eef70b4fc1e872ebddc38cddacc87c19a3709c0e3e5d20bf3954c147b1dd941d"},
    {file = "numpy-1.24.2-cp310-cp310-macosx_11_0_arm64.whl", hash = "sha256:e8d2859428712785e8a8b7d2b3ef0a1d1565892367b32f915c4a4df44d0e64f5"},
    {file = "numpy-1.24.2-cp310-cp310-manylinux_2_17_aarch64.manylinux2014_aarch64.whl", hash = "sha256:6524630f71631be2dabe0c541e7675db82651eb998496bbe16bc4f77f0772253"},
    {file = "numpy-1.24.2-cp310-cp310-manylinux_2_17_x86_64.manylinux2014_x86_64.whl", hash = "sha256:a51725a815a6188c662fb66fb32077709a9ca38053f0274640293a14fdd22978"},
    {file = "numpy-1.24.2-cp310-cp310-win32.whl", hash = "sha256:2620e8592136e073bd12ee4536149380695fbe9ebeae845b81237f986479ffc9"},
    {file = "numpy-1.24.2-cp310-cp310-win_amd64.whl", hash = "sha256:97cf27e51fa078078c649a51d7ade3c92d9e709ba2bfb97493007103c741f1d0"},
    {file = "numpy-1.24.2-cp311-cp311-macosx_10_9_x86_64.whl", hash = "sha256:7de8fdde0003f4294655aa5d5f0a89c26b9f22c0a58790c38fae1ed392d44a5a"},
    {file = "numpy-1.24.2-cp311-cp311-macosx_11_0_arm64.whl", hash = "sha256:4173bde9fa2a005c2c6e2ea8ac1618e2ed2c1c6ec8a7657237854d42094123a0"},
    {file = "numpy-1.24.2-cp311-cp311-manylinux_2_17_aarch64.manylinux2014_aarch64.whl", hash = "sha256:4cecaed30dc14123020f77b03601559fff3e6cd0c048f8b5289f4eeabb0eb281"},
    {file = "numpy-1.24.2-cp311-cp311-manylinux_2_17_x86_64.manylinux2014_x86_64.whl", hash = "sha256:9a23f8440561a633204a67fb44617ce2a299beecf3295f0d13c495518908e910"},
    {file = "numpy-1.24.2-cp311-cp311-win32.whl", hash = "sha256:e428c4fbfa085f947b536706a2fc349245d7baa8334f0c5723c56a10595f9b95"},
    {file = "numpy-1.24.2-cp311-cp311-win_amd64.whl", hash = "sha256:557d42778a6869c2162deb40ad82612645e21d79e11c1dc62c6e82a2220ffb04"},
    {file = "numpy-1.24.2-cp38-cp38-macosx_10_9_x86_64.whl", hash = "sha256:d0a2db9d20117bf523dde15858398e7c0858aadca7c0f088ac0d6edd360e9ad2"},
    {file = "numpy-1.24.2-cp38-cp38-macosx_11_0_arm64.whl", hash = "sha256:c72a6b2f4af1adfe193f7beb91ddf708ff867a3f977ef2ec53c0ffb8283ab9f5"},
    {file = "numpy-1.24.2-cp38-cp38-manylinux_2_17_aarch64.manylinux2014_aarch64.whl", hash = "sha256:c29e6bd0ec49a44d7690ecb623a8eac5ab8a923bce0bea6293953992edf3a76a"},
    {file = "numpy-1.24.2-cp38-cp38-manylinux_2_17_x86_64.manylinux2014_x86_64.whl", hash = "sha256:2eabd64ddb96a1239791da78fa5f4e1693ae2dadc82a76bc76a14cbb2b966e96"},
    {file = "numpy-1.24.2-cp38-cp38-win32.whl", hash = "sha256:e3ab5d32784e843fc0dd3ab6dcafc67ef806e6b6828dc6af2f689be0eb4d781d"},
    {file = "numpy-1.24.2-cp38-cp38-win_amd64.whl", hash = "sha256:76807b4063f0002c8532cfeac47a3068a69561e9c8715efdad3c642eb27c0756"},
    {file = "numpy-1.24.2-cp39-cp39-macosx_10_9_x86_64.whl", hash = "sha256:4199e7cfc307a778f72d293372736223e39ec9ac096ff0a2e64853b866a8e18a"},
    {file = "numpy-1.24.2-cp39-cp39-macosx_11_0_arm64.whl", hash = "sha256:adbdce121896fd3a17a77ab0b0b5eedf05a9834a18699db6829a64e1dfccca7f"},
    {file = "numpy-1.24.2-cp39-cp39-manylinux_2_17_aarch64.manylinux2014_aarch64.whl", hash = "sha256:889b2cc88b837d86eda1b17008ebeb679d82875022200c6e8e4ce6cf549b7acb"},
    {file = "numpy-1.24.2-cp39-cp39-manylinux_2_17_x86_64.manylinux2014_x86_64.whl", hash = "sha256:f64bb98ac59b3ea3bf74b02f13836eb2e24e48e0ab0145bbda646295769bd780"},
    {file = "numpy-1.24.2-cp39-cp39-win32.whl", hash = "sha256:63e45511ee4d9d976637d11e6c9864eae50e12dc9598f531c035265991910468"},
    {file = "numpy-1.24.2-cp39-cp39-win_amd64.whl", hash = "sha256:a77d3e1163a7770164404607b7ba3967fb49b24782a6ef85d9b5f54126cc39e5"},
    {file = "numpy-1.24.2-pp38-pypy38_pp73-macosx_10_9_x86_64.whl", hash = "sha256:92011118955724465fb6853def593cf397b4a1367495e0b59a7e69d40c4eb71d"},
    {file = "numpy-1.24.2-pp38-pypy38_pp73-manylinux_2_17_x86_64.manylinux2014_x86_64.whl", hash = "sha256:f9006288bcf4895917d02583cf3411f98631275bc67cce355a7f39f8c14338fa"},
    {file = "numpy-1.24.2-pp38-pypy38_pp73-win_amd64.whl", hash = "sha256:150947adbdfeceec4e5926d956a06865c1c690f2fd902efede4ca6fe2e657c3f"},
    {file = "numpy-1.24.2.tar.gz", hash = "sha256:003a9f530e880cb2cd177cba1af7220b9aa42def9c4afc2a2fc3ee6be7eb2b22"},
]

[[package]]
name = "pyyaml"
version = "6.0"
description = "YAML parser and emitter for Python"
category = "main"
optional = false
python-versions = ">=3.6"
files = [
    {file = "PyYAML-6.0-cp310-cp310-macosx_10_9_x86_64.whl", hash = "sha256:d4db7c7aef085872ef65a8fd7d6d09a14ae91f691dec3e87ee5ee0539d516f53"},
    {file = "PyYAML-6.0-cp310-cp310-macosx_11_0_arm64.whl", hash = "sha256:9df7ed3b3d2e0ecfe09e14741b857df43adb5a3ddadc919a2d94fbdf78fea53c"},
    {file = "PyYAML-6.0-cp310-cp310-manylinux_2_17_aarch64.manylinux2014_aarch64.whl", hash = "sha256:77f396e6ef4c73fdc33a9157446466f1cff553d979bd00ecb64385760c6babdc"},
    {file = "PyYAML-6.0-cp310-cp310-manylinux_2_17_s390x.manylinux2014_s390x.whl", hash = "sha256:a80a78046a72361de73f8f395f1f1e49f956c6be882eed58505a15f3e430962b"},
    {file = "PyYAML-6.0-cp310-cp310-manylinux_2_5_x86_64.manylinux1_x86_64.manylinux_2_12_x86_64.manylinux2010_x86_64.whl", hash = "sha256:f84fbc98b019fef2ee9a1cb3ce93e3187a6df0b2538a651bfb890254ba9f90b5"},
    {file = "PyYAML-6.0-cp310-cp310-win32.whl", hash = "sha256:2cd5df3de48857ed0544b34e2d40e9fac445930039f3cfe4bcc592a1f836d513"},
    {file = "PyYAML-6.0-cp310-cp310-win_amd64.whl", hash = "sha256:daf496c58a8c52083df09b80c860005194014c3698698d1a57cbcfa182142a3a"},
    {file = "PyYAML-6.0-cp311-cp311-macosx_10_9_x86_64.whl", hash = "sha256:d4b0ba9512519522b118090257be113b9468d804b19d63c71dbcf4a48fa32358"},
    {file = "PyYAML-6.0-cp311-cp311-macosx_11_0_arm64.whl", hash = "sha256:81957921f441d50af23654aa6c5e5eaf9b06aba7f0a19c18a538dc7ef291c5a1"},
    {file = "PyYAML-6.0-cp311-cp311-manylinux_2_17_aarch64.manylinux2014_aarch64.whl", hash = "sha256:afa17f5bc4d1b10afd4466fd3a44dc0e245382deca5b3c353d8b757f9e3ecb8d"},
    {file = "PyYAML-6.0-cp311-cp311-manylinux_2_17_s390x.manylinux2014_s390x.whl", hash = "sha256:dbad0e9d368bb989f4515da330b88a057617d16b6a8245084f1b05400f24609f"},
    {file = "PyYAML-6.0-cp311-cp311-manylinux_2_17_x86_64.manylinux2014_x86_64.whl", hash = "sha256:432557aa2c09802be39460360ddffd48156e30721f5e8d917f01d31694216782"},
    {file = "PyYAML-6.0-cp311-cp311-win32.whl", hash = "sha256:bfaef573a63ba8923503d27530362590ff4f576c626d86a9fed95822a8255fd7"},
    {file = "PyYAML-6.0-cp311-cp311-win_amd64.whl", hash = "sha256:01b45c0191e6d66c470b6cf1b9531a771a83c1c4208272ead47a3ae4f2f603bf"},
    {file = "PyYAML-6.0-cp36-cp36m-macosx_10_9_x86_64.whl", hash = "sha256:897b80890765f037df3403d22bab41627ca8811ae55e9a722fd0392850ec4d86"},
    {file = "PyYAML-6.0-cp36-cp36m-manylinux_2_17_aarch64.manylinux2014_aarch64.whl", hash = "sha256:50602afada6d6cbfad699b0c7bb50d5ccffa7e46a3d738092afddc1f9758427f"},
    {file = "PyYAML-6.0-cp36-cp36m-manylinux_2_17_s390x.manylinux2014_s390x.whl", hash = "sha256:48c346915c114f5fdb3ead70312bd042a953a8ce5c7106d5bfb1a5254e47da92"},
    {file = "PyYAML-6.0-cp36-cp36m-manylinux_2_5_x86_64.manylinux1_x86_64.manylinux_2_12_x86_64.manylinux2010_x86_64.whl", hash = "sha256:98c4d36e99714e55cfbaaee6dd5badbc9a1ec339ebfc3b1f52e293aee6bb71a4"},
    {file = "PyYAML-6.0-cp36-cp36m-win32.whl", hash = "sha256:0283c35a6a9fbf047493e3a0ce8d79ef5030852c51e9d911a27badfde0605293"},
    {file = "PyYAML-6.0-cp36-cp36m-win_amd64.whl", hash = "sha256:07751360502caac1c067a8132d150cf3d61339af5691fe9e87803040dbc5db57"},
    {file = "PyYAML-6.0-cp37-cp37m-macosx_10_9_x86_64.whl", hash = "sha256:819b3830a1543db06c4d4b865e70ded25be52a2e0631ccd2f6a47a2822f2fd7c"},
    {file = "PyYAML-6.0-cp37-cp37m-manylinux_2_17_aarch64.manylinux2014_aarch64.whl", hash = "sha256:473f9edb243cb1935ab5a084eb238d842fb8f404ed2193a915d1784b5a6b5fc0"},
    {file = "PyYAML-6.0-cp37-cp37m-manylinux_2_17_s390x.manylinux2014_s390x.whl", hash = "sha256:0ce82d761c532fe4ec3f87fc45688bdd3a4c1dc5e0b4a19814b9009a29baefd4"},
    {file = "PyYAML-6.0-cp37-cp37m-manylinux_2_5_x86_64.manylinux1_x86_64.manylinux_2_12_x86_64.manylinux2010_x86_64.whl", hash = "sha256:231710d57adfd809ef5d34183b8ed1eeae3f76459c18fb4a0b373ad56bedcdd9"},
    {file = "PyYAML-6.0-cp37-cp37m-win32.whl", hash = "sha256:c5687b8d43cf58545ade1fe3e055f70eac7a5a1a0bf42824308d868289a95737"},
    {file = "PyYAML-6.0-cp37-cp37m-win_amd64.whl", hash = "sha256:d15a181d1ecd0d4270dc32edb46f7cb7733c7c508857278d3d378d14d606db2d"},
    {file = "PyYAML-6.0-cp38-cp38-macosx_10_9_x86_64.whl", hash = "sha256:0b4624f379dab24d3725ffde76559cff63d9ec94e1736b556dacdfebe5ab6d4b"},
    {file = "PyYAML-6.0-cp38-cp38-manylinux_2_17_aarch64.manylinux2014_aarch64.whl", hash = "sha256:213c60cd50106436cc818accf5baa1aba61c0189ff610f64f4a3e8c6726218ba"},
    {file = "PyYAML-6.0-cp38-cp38-manylinux_2_17_s390x.manylinux2014_s390x.whl", hash = "sha256:9fa600030013c4de8165339db93d182b9431076eb98eb40ee068700c9c813e34"},
    {file = "PyYAML-6.0-cp38-cp38-manylinux_2_5_x86_64.manylinux1_x86_64.manylinux_2_12_x86_64.manylinux2010_x86_64.whl", hash = "sha256:277a0ef2981ca40581a47093e9e2d13b3f1fbbeffae064c1d21bfceba2030287"},
    {file = "PyYAML-6.0-cp38-cp38-win32.whl", hash = "sha256:d4eccecf9adf6fbcc6861a38015c2a64f38b9d94838ac1810a9023a0609e1b78"},
    {file = "PyYAML-6.0-cp38-cp38-win_amd64.whl", hash = "sha256:1e4747bc279b4f613a09eb64bba2ba602d8a6664c6ce6396a4d0cd413a50ce07"},
    {file = "PyYAML-6.0-cp39-cp39-macosx_10_9_x86_64.whl", hash = "sha256:055d937d65826939cb044fc8c9b08889e8c743fdc6a32b33e2390f66013e449b"},
    {file = "PyYAML-6.0-cp39-cp39-macosx_11_0_arm64.whl", hash = "sha256:e61ceaab6f49fb8bdfaa0f92c4b57bcfbea54c09277b1b4f7ac376bfb7a7c174"},
    {file = "PyYAML-6.0-cp39-cp39-manylinux_2_17_aarch64.manylinux2014_aarch64.whl", hash = "sha256:d67d839ede4ed1b28a4e8909735fc992a923cdb84e618544973d7dfc71540803"},
    {file = "PyYAML-6.0-cp39-cp39-manylinux_2_17_s390x.manylinux2014_s390x.whl", hash = "sha256:cba8c411ef271aa037d7357a2bc8f9ee8b58b9965831d9e51baf703280dc73d3"},
    {file = "PyYAML-6.0-cp39-cp39-manylinux_2_5_x86_64.manylinux1_x86_64.manylinux_2_12_x86_64.manylinux2010_x86_64.whl", hash = "sha256:40527857252b61eacd1d9af500c3337ba8deb8fc298940291486c465c8b46ec0"},
    {file = "PyYAML-6.0-cp39-cp39-win32.whl", hash = "sha256:b5b9eccad747aabaaffbc6064800670f0c297e52c12754eb1d976c57e4f74dcb"},
    {file = "PyYAML-6.0-cp39-cp39-win_amd64.whl", hash = "sha256:b3d267842bf12586ba6c734f89d1f5b871df0273157918b0ccefa29deb05c21c"},
    {file = "PyYAML-6.0.tar.gz", hash = "sha256:68fb519c14306fec9720a2a5b45bc9f0c8d1b9c72adf45c37baedfcd949c35a2"},
]

[metadata]
lock-version = "2.0"
python-versions = "^3.10"
content-hash = "53cf2733980a6a2ae15f2a12a6774244d50e2e0899e4fef1a7f780f8b5f7148b"
